
Microsoft Visual Studio Solution File, Format Version 12.00
# Visual Studio 15
VisualStudioVersion = 15.0.27004.2009
MinimumVisualStudioVersion = 10.0.40219.1
Project("{FAE04EC0-301F-11D3-BF4B-00C04F79EFBC}") = "Boulder.Web", "Boulder.Web\Boulder.Web.csproj", "{D0132F36-7D3E-4CD0-8637-76121702C45E}"
EndProject
Project("{FAE04EC0-301F-11D3-BF4B-00C04F79EFBC}") = "Boulder.Models", "Boulder.Models\Boulder.Models.csproj", "{C72D59C7-5C39-4FBA-933C-1CBDA33E6A1B}"
EndProject
Project("{FAE04EC0-301F-11D3-BF4B-00C04F79EFBC}") = "Boulder.Data", "Boulder.Data\Boulder.Data.csproj", "{DE88A970-9F75-455F-BF38-38228ABFCDAA}"
EndProject
Project("{FAE04EC0-301F-11D3-BF4B-00C04F79EFBC}") = "Boulder.Services", "Boulder.Services\Boulder.Services.csproj", "{7DACD5C2-0412-46AE-99C7-BB9AB69EF272}"
EndProject
Global
	GlobalSection(SolutionConfigurationPlatforms) = preSolution
		Debug|Any CPU = Debug|Any CPU
		Release|Any CPU = Release|Any CPU
	EndGlobalSection
	GlobalSection(ProjectConfigurationPlatforms) = postSolution
		{D0132F36-7D3E-4CD0-8637-76121702C45E}.Debug|Any CPU.ActiveCfg = Debug|Any CPU
		{D0132F36-7D3E-4CD0-8637-76121702C45E}.Debug|Any CPU.Build.0 = Debug|Any CPU
		{D0132F36-7D3E-4CD0-8637-76121702C45E}.Release|Any CPU.ActiveCfg = Release|Any CPU
		{D0132F36-7D3E-4CD0-8637-76121702C45E}.Release|Any CPU.Build.0 = Release|Any CPU
		{C72D59C7-5C39-4FBA-933C-1CBDA33E6A1B}.Debug|Any CPU.ActiveCfg = Debug|Any CPU
		{C72D59C7-5C39-4FBA-933C-1CBDA33E6A1B}.Debug|Any CPU.Build.0 = Debug|Any CPU
		{C72D59C7-5C39-4FBA-933C-1CBDA33E6A1B}.Release|Any CPU.ActiveCfg = Release|Any CPU
		{C72D59C7-5C39-4FBA-933C-1CBDA33E6A1B}.Release|Any CPU.Build.0 = Release|Any CPU
		{DE88A970-9F75-455F-BF38-38228ABFCDAA}.Debug|Any CPU.ActiveCfg = Debug|Any CPU
		{DE88A970-9F75-455F-BF38-38228ABFCDAA}.Debug|Any CPU.Build.0 = Debug|Any CPU
		{DE88A970-9F75-455F-BF38-38228ABFCDAA}.Release|Any CPU.ActiveCfg = Release|Any CPU
		{DE88A970-9F75-455F-BF38-38228ABFCDAA}.Release|Any CPU.Build.0 = Release|Any CPU
		{7DACD5C2-0412-46AE-99C7-BB9AB69EF272}.Debug|Any CPU.ActiveCfg = Debug|Any CPU
		{7DACD5C2-0412-46AE-99C7-BB9AB69EF272}.Debug|Any CPU.Build.0 = Debug|Any CPU
		{7DACD5C2-0412-46AE-99C7-BB9AB69EF272}.Release|Any CPU.ActiveCfg = Release|Any CPU
		{7DACD5C2-0412-46AE-99C7-BB9AB69EF272}.Release|Any CPU.Build.0 = Release|Any CPU
	EndGlobalSection
	GlobalSection(SolutionProperties) = preSolution
		HideSolutionNode = FALSE
	EndGlobalSection
	GlobalSection(ExtensibilityGlobals) = postSolution
		SolutionGuid = {BDA2D694-FC5F-45FE-A96E-6BB9D09065AF}
	EndGlobalSection
EndGlobal
